<?xml version="1.0" encoding="utf-8"?>
<Project ToolsVersion="4.0" xmlns="http://schemas.microsoft.com/developer/msbuild/2003">
  <ItemGroup>
    <Filter Include="Source">
      <UniqueIdentifier>{4FC737F1-C7A5-4376-A066-2A32D752A2FF}</UniqueIdentifier>
      <Extensions>cpp;c;cc;cxx;c++;cppm;ixx;def;odl;idl;hpj;bat;asm;asmx</Extensions>
    </Filter>
    <Filter Include="Source\Controls">
      <UniqueIdentifier>{46fe3723-72c3-44aa-96e3-f878b8e20b68}</UniqueIdentifier>
    </Filter>
    <Filter Include="Headers">
      <UniqueIdentifier>{93995380-89BD-4b04-88EB-625FBE52EBFB}</UniqueIdentifier>
      <Extensions>h;hh;hpp;hxx;h++;hm;inl;inc;ipp;xsd</Extensions>
    </Filter>
    <Filter Include="Headers\Controls">
      <UniqueIdentifier>{a4926dbe-3461-41f4-ae95-7dff6cc06848}</UniqueIdentifier>
    </Filter>
    <Filter Include="Resources">
      <UniqueIdentifier>{67DA6AB6-F800-4c08-8B7A-83BB121AAD01}</UniqueIdentifier>
      <Extensions>rc;ico;cur;bmp;dlg;rc2;rct;bin;rgs;gif;jpg;jpeg;jpe;resx;tiff;tif;png;wav;mfcribbon-ms</Extensions>
    </Filter>
    <Filter Include="Headers\Controls\Controls">
      <UniqueIdentifier>{140c2177-34c5-41ab-b0d4-9bdc03ec4444}</UniqueIdentifier>
    </Filter>
    <Filter Include="Headers\Controls\Components">
      <UniqueIdentifier>{3c83ec71-d085-4ff9-8cff-3c0af33fb9f2}</UniqueIdentifier>
    </Filter>
    <Filter Include="Headers\Controls\Interfaces">
      <UniqueIdentifier>{2eb361c4-dd4d-4136-9b10-1a904cb795ad}</UniqueIdentifier>
    </Filter>
    <Filter Include="Headers\Controls\Themes">
      <UniqueIdentifier>{89597571-dc69-4a57-a538-08a137973235}</UniqueIdentifier>
    </Filter>
    <Filter Include="Source\Controls\Components">
      <UniqueIdentifier>{0b7f4fff-6585-4f00-a641-03785c622e59}</UniqueIdentifier>
    </Filter>
    <Filter Include="Source\Controls\Interfaces">
      <UniqueIdentifier>{230b8ed1-0dcd-489c-a7c9-a93c9b8cd1b5}</UniqueIdentifier>
    </Filter>
    <Filter Include="Source\Controls\Controls">
      <UniqueIdentifier>{836d7017-e6a4-4a85-9a7e-89eb7af6cf0a}</UniqueIdentifier>
    </Filter>
    <Filter Include="Source\Controls\Themes">
      <UniqueIdentifier>{63e176fd-af44-42da-85ff-9f9caffa1ebc}</UniqueIdentifier>
    </Filter>
    <Filter Include="Source\Utility">
      <UniqueIdentifier>{9c553241-79b3-4eb2-b7e6-d7a85c6eaa9d}</UniqueIdentifier>
    </Filter>
    <Filter Include="Headers\Utility">
      <UniqueIdentifier>{339f04c3-f078-403d-bf02-be5c35fc4618}</UniqueIdentifier>
    </Filter>
  </ItemGroup>
  <ItemGroup>
    <ClCompile Include="src\controls\styling\TextStyle.hpp">
      <Filter>Headers\Controls\Themes</Filter>
    </ClCompile>
    <ClCompile Include="src\controls\components\TextComponent.cpp">
      <Filter>Source\Controls\Components</Filter>
    </ClCompile>
    <ClCompile Include="src\controls\components\SpriteComponent.cpp">
      <Filter>Source\Controls\Components</Filter>
    </ClCompile>
    <ClCompile Include="src\controls\controls\CheckBox.cpp">
      <Filter>Source\Controls\Controls</Filter>
    </ClCompile>
    <ClCompile Include="src\main.cpp">
      <Filter>Source</Filter>
    </ClCompile>
  </ItemGroup>
  <ItemGroup>
    <ClInclude Include="src\controls\interfaces\IUpdateable.hpp">
      <Filter>Headers\Controls\Interfaces</Filter>
    </ClInclude>
    <ClInclude Include="src\controls\interfaces\IControl.hpp">
      <Filter>Headers\Controls\Interfaces</Filter>
    </ClInclude>
    <ClInclude Include="src\controls\components\SpriteComponent.hpp">
      <Filter>Headers\Controls\Components</Filter>
    </ClInclude>
    <ClInclude Include="src\controls\components\TextComponent.hpp">
      <Filter>Headers\Controls\Components</Filter>
    </ClInclude>
    <ClInclude Include="src\utility\Config.hpp">
      <Filter>Headers\Utility</Filter>
    </ClInclude>
    <ClInclude Include="src\controls\controls\CheckBox.hpp">
      <Filter>Headers\Controls\Controls</Filter>
    </ClInclude>
  </ItemGroup>
</Project>